// !$*UTF8*$!
{
	archiveVersion = 1;
	classes = {
	};
	objectVersion = 50;
	objects = {

/* Begin PBXBuildFile section */
		36852F5722BB18280039FEBC /* HCHollyWebView.h in CopyFiles */ = {isa = PBXBuildFile; fileRef = 9B2C933222BAD47500AA4E6D /* HCHollyWebView.h */; };
		36852F5822BB18280039FEBC /* HCHollyRecord.h in CopyFiles */ = {isa = PBXBuildFile; fileRef = 9B2C933522BAD6DB00AA4E6D /* HCHollyRecord.h */; };
		36852F5922BB18280039FEBC /* HCAliyunOss.h in CopyFiles */ = {isa = PBXBuildFile; fileRef = 9B2C933822BAD6E800AA4E6D /* HCAliyunOss.h */; };
		36852F5A22BB18280039FEBC /* HCHollyLocation.h in CopyFiles */ = {isa = PBXBuildFile; fileRef = 9B2C933B22BAD75900AA4E6D /* HCHollyLocation.h */; };
		9B2C930222BAC4EB00AA4E6D /* HCHollyOC.m in Sources */ = {isa = PBXBuildFile; fileRef = 9B2C930122BAC4EB00AA4E6D /* HCHollyOC.m */; };
		9B2C930322BAC4EB00AA4E6D /* HCHollyOC.h in CopyFiles */ = {isa = PBXBuildFile; fileRef = 9B2C930022BAC4EB00AA4E6D /* HCHollyOC.h */; };
		9B2C933422BAD47500AA4E6D /* HCHollyWebView.m in Sources */ = {isa = PBXBuildFile; fileRef = 9B2C933322BAD47500AA4E6D /* HCHollyWebView.m */; };
		9B2C933722BAD6DB00AA4E6D /* HCHollyRecord.m in Sources */ = {isa = PBXBuildFile; fileRef = 9B2C933622BAD6DB00AA4E6D /* HCHollyRecord.m */; };
		9B2C933A22BAD6E800AA4E6D /* HCAliyunOss.m in Sources */ = {isa = PBXBuildFile; fileRef = 9B2C933922BAD6E800AA4E6D /* HCAliyunOss.m */; };
		9B2C933D22BAD75900AA4E6D /* HCHollyLocation.m in Sources */ = {isa = PBXBuildFile; fileRef = 9B2C933C22BAD75900AA4E6D /* HCHollyLocation.m */; };
/* End PBXBuildFile section */

/* Begin PBXCopyFilesBuildPhase section */
		9B2C92FB22BAC4EB00AA4E6D /* CopyFiles */ = {
			isa = PBXCopyFilesBuildPhase;
			buildActionMask = 2147483647;
			dstPath = "include/$(PRODUCT_NAME)";
			dstSubfolderSpec = 16;
			files = (
				36852F5722BB18280039FEBC /* HCHollyWebView.h in CopyFiles */,
				36852F5822BB18280039FEBC /* HCHollyRecord.h in CopyFiles */,
				36852F5922BB18280039FEBC /* HCAliyunOss.h in CopyFiles */,
				36852F5A22BB18280039FEBC /* HCHollyLocation.h in CopyFiles */,
				9B2C930322BAC4EB00AA4E6D /* HCHollyOC.h in CopyFiles */,
			);
			runOnlyForDeploymentPostprocessing = 0;
		};
/* End PBXCopyFilesBuildPhase section */

/* Begin PBXFileReference section */
		9B2C92FD22BAC4EB00AA4E6D /* libHCHollyOC.a */ = {isa = PBXFileReference; explicitFileType = archive.ar; includeInIndex = 0; path = libHCHollyOC.a; sourceTree = BUILT_PRODUCTS_DIR; };
		9B2C930022BAC4EB00AA4E6D /* HCHollyOC.h */ = {isa = PBXFileReference; lastKnownFileType = sourcecode.c.h; path = HCHollyOC.h; sourceTree = "<group>"; };
		9B2C930122BAC4EB00AA4E6D /* HCHollyOC.m */ = {isa = PBXFileReference; lastKnownFileType = sourcecode.c.objc; path = HCHollyOC.m; sourceTree = "<group>"; };
		9B2C933222BAD47500AA4E6D /* HCHollyWebView.h */ = {isa = PBXFileReference; lastKnownFileType = sourcecode.c.h; path = HCHollyWebView.h; sourceTree = "<group>"; };
		9B2C933322BAD47500AA4E6D /* HCHollyWebView.m */ = {isa = PBXFileReference; lastKnownFileType = sourcecode.c.objc; path = HCHollyWebView.m; sourceTree = "<group>"; };
		9B2C933522BAD6DB00AA4E6D /* HCHollyRecord.h */ = {isa = PBXFileReference; lastKnownFileType = sourcecode.c.h; path = HCHollyRecord.h; sourceTree = "<group>"; };
		9B2C933622BAD6DB00AA4E6D /* HCHollyRecord.m */ = {isa = PBXFileReference; lastKnownFileType = sourcecode.c.objc; path = HCHollyRecord.m; sourceTree = "<group>"; };
		9B2C933822BAD6E800AA4E6D /* HCAliyunOss.h */ = {isa = PBXFileReference; lastKnownFileType = sourcecode.c.h; path = HCAliyunOss.h; sourceTree = "<group>"; };
		9B2C933922BAD6E800AA4E6D /* HCAliyunOss.m */ = {isa = PBXFileReference; lastKnownFileType = sourcecode.c.objc; path = HCAliyunOss.m; sourceTree = "<group>"; };
		9B2C933B22BAD75900AA4E6D /* HCHollyLocation.h */ = {isa = PBXFileReference; lastKnownFileType = sourcecode.c.h; path = HCHollyLocation.h; sourceTree = "<group>"; };
		9B2C933C22BAD75900AA4E6D /* HCHollyLocation.m */ = {isa = PBXFileReference; lastKnownFileType = sourcecode.c.objc; path = HCHollyLocation.m; sourceTree = "<group>"; };
/* End PBXFileReference section */

/* Begin PBXFrameworksBuildPhase section */
		9B2C92FA22BAC4EB00AA4E6D /* Frameworks */ = {
			isa = PBXFrameworksBuildPhase;
			buildActionMask = 2147483647;
			files = (
			);
			runOnlyForDeploymentPostprocessing = 0;
		};
/* End PBXFrameworksBuildPhase section */

/* Begin PBXGroup section */
		9B2C92F422BAC4EB00AA4E6D = {
			isa = PBXGroup;
			children = (
				9B2C92FF22BAC4EB00AA4E6D /* HCHollyOC */,
				9B2C92FE22BAC4EB00AA4E6D /* Products */,
			);
			sourceTree = "<group>";
		};
		9B2C92FE22BAC4EB00AA4E6D /* Products */ = {
			isa = PBXGroup;
			children = (
				9B2C92FD22BAC4EB00AA4E6D /* libHCHollyOC.a */,
			);
			name = Products;
			sourceTree = "<group>";
		};
		9B2C92FF22BAC4EB00AA4E6D /* HCHollyOC */ = {
			isa = PBXGroup;
			children = (
				9B2C930022BAC4EB00AA4E6D /* HCHollyOC.h */,
				9B2C930122BAC4EB00AA4E6D /* HCHollyOC.m */,
				9B2C933222BAD47500AA4E6D /* HCHollyWebView.h */,
				9B2C933322BAD47500AA4E6D /* HCHollyWebView.m */,
				9B2C933522BAD6DB00AA4E6D /* HCHollyRecord.h */,
				9B2C933622BAD6DB00AA4E6D /* HCHollyRecord.m */,
				9B2C933822BAD6E800AA4E6D /* HCAliyunOss.h */,
				9B2C933922BAD6E800AA4E6D /* HCAliyunOss.m */,
				9B2C933B22BAD75900AA4E6D /* HCHollyLocation.h */,
				9B2C933C22BAD75900AA4E6D /* HCHollyLocation.m */,
			);
			path = HCHollyOC;
			sourceTree = "<group>";
		};
/* End PBXGroup section */

/* Begin PBXNativeTarget section */
		9B2C92FC22BAC4EB00AA4E6D /* HCHollyOC */ = {
			isa = PBXNativeTarget;
			buildConfigurationList = 9B2C930622BAC4EB00AA4E6D /* Build configuration list for PBXNativeTarget "HCHollyOC" */;
			buildPhases = (
				9B2C92F922BAC4EB00AA4E6D /* Sources */,
				9B2C92FA22BAC4EB00AA4E6D /* Frameworks */,
				9B2C92FB22BAC4EB00AA4E6D /* CopyFiles */,
			);
			buildRules = (
			);
			dependencies = (
			);
			name = HCHollyOC;
			productName = HCHollyOC;
			productReference = 9B2C92FD22BAC4EB00AA4E6D /* libHCHollyOC.a */;
			productType = "com.apple.product-type.library.static";
		};
/* End PBXNativeTarget section */

/* Begin PBXProject section */
		9B2C92F522BAC4EB00AA4E6D /* Project object */ = {
			isa = PBXProject;
			attributes = {
				LastUpgradeCheck = 1020;
				ORGANIZATIONNAME = loganv;
				TargetAttributes = {
					9B2C92FC22BAC4EB00AA4E6D = {
						CreatedOnToolsVersion = 10.2.1;
					};
				};
			};
			buildConfigurationList = 9B2C92F822BAC4EB00AA4E6D /* Build configuration list for PBXProject "HCHollyOC" */;
			compatibilityVersion = "Xcode 9.3";
			developmentRegion = en;
			hasScannedForEncodings = 0;
			knownRegions = (
				en,
			);
			mainGroup = 9B2C92F422BAC4EB00AA4E6D;
			productRefGroup = 9B2C92FE22BAC4EB00AA4E6D /* Products */;
			projectDirPath = "";
			projectRoot = "";
			targets = (
				9B2C92FC22BAC4EB00AA4E6D /* HCHollyOC */,
			);
		};
/* End PBXProject section */

/* Begin PBXSourcesBuildPhase section */
		9B2C92F922BAC4EB00AA4E6D /* Sources */ = {
			isa = PBXSourcesBuildPhase;
			buildActionMask = 2147483647;
			files = (
				9B2C930222BAC4EB00AA4E6D /* HCHollyOC.m in Sources */,
				9B2C933422BAD47500AA4E6D /* HCHollyWebView.m in Sources */,
				9B2C933A22BAD6E800AA4E6D /* HCAliyunOss.m in Sources */,
				9B2C933722BAD6DB00AA4E6D /* HCHollyRecord.m in Sources */,
				9B2C933D22BAD75900AA4E6D /* HCHollyLocation.m in Sources */,
			);
			runOnlyForDeploymentPostprocessing = 0;
		};
/* End PBXSourcesBuildPhase section */

/* Begin XCBuildConfiguration section */
		9B2C930422BAC4EB00AA4E6D /* Debug */ = {
			isa = XCBuildConfiguration;
			buildSettings = {
				ALWAYS_SEARCH_USER_PATHS = NO;
				CLANG_ANALYZER_NONNULL = YES;
				CLANG_ANALYZER_NUMBER_OBJECT_CONVERSION = YES_AGGRESSIVE;
				CLANG_CXX_LANGUAGE_STANDARD = "gnu++14";
				CLANG_CXX_LIBRARY = "libc++";
				CLANG_ENABLE_MODULES = YES;
				CLANG_ENABLE_OBJC_ARC = YES;
				CLANG_ENABLE_OBJC_WEAK = YES;
				CLANG_WARN_BLOCK_CAPTURE_AUTORELEASING = YES;
				CLANG_WARN_BOOL_CONVERSION = YES;
				CLANG_WARN_COMMA = YES;
				CLANG_WARN_CONSTANT_CONVERSION = YES;
				CLANG_WARN_DEPRECATED_OBJC_IMPLEMENTATIONS = YES;
				CLANG_WARN_DIRECT_OBJC_ISA_USAGE = YES_ERROR;
				CLANG_WARN_DOCUMENTATION_COMMENTS = YES;
				CLANG_WARN_EMPTY_BODY = YES;
				CLANG_WARN_ENUM_CONVERSION = YES;
				CLANG_WARN_INFINITE_RECURSION = YES;
				CLANG_WARN_INT_CONVERSION = YES;
				CLANG_WARN_NON_LITERAL_NULL_CONVERSION = YES;
				CLANG_WARN_OBJC_IMPLICIT_RETAIN_SELF = YES;
				CLANG_WARN_OBJC_LITERAL_CONVERSION = YES;
				CLANG_WARN_OBJC_ROOT_CLASS = YES_ERROR;
				CLANG_WARN_RANGE_LOOP_ANALYSIS = YES;
				CLANG_WARN_STRICT_PROTOTYPES = YES;
				CLANG_WARN_SUSPICIOUS_MOVE = YES;
				CLANG_WARN_UNGUARDED_AVAILABILITY = YES_AGGRESSIVE;
				CLANG_WARN_UNREACHABLE_CODE = YES;
				CLANG_WARN__DUPLICATE_METHOD_MATCH = YES;
				CODE_SIGN_IDENTITY = "iPhone Developer";
				COPY_PHASE_STRIP = NO;
				DEBUG_INFORMATION_FORMAT = dwarf;
				ENABLE_STRICT_OBJC_MSGSEND = YES;
				ENABLE_TESTABILITY = YES;
				GCC_C_LANGUAGE_STANDARD = gnu11;
				GCC_DYNAMIC_NO_PIC = NO;
				GCC_NO_COMMON_BLOCKS = YES;
				GCC_OPTIMIZATION_LEVEL = 0;
				GCC_PREPROCESSOR_DEFINITIONS = (
					"DEBUG=1",
					"$(inherited)",
				);
				GCC_WARN_64_TO_32_BIT_CONVERSION = YES;
				GCC_WARN_ABOUT_RETURN_TYPE = YES_ERROR;
				GCC_WARN_UNDECLARED_SELECTOR = YES;
				GCC_WARN_UNINITIALIZED_AUTOS = YES_AGGRESSIVE;
				GCC_WARN_UNUSED_FUNCTION = YES;
				GCC_WARN_UNUSED_VARIABLE = YES;
				IPHONEOS_DEPLOYMENT_TARGET = 10.0;
				MTL_ENABLE_DEBUG_INFO = INCLUDE_SOURCE;
				MTL_FAST_MATH = YES;
				ONLY_ACTIVE_ARCH = YES;
				SDKROOT = iphoneos;
			};
			name = Debug;
		};
		9B2C930522BAC4EB00AA4E6D /* Release */ = {
			isa = XCBuildConfiguration;
			buildSettings = {
				ALWAYS_SEARCH_USER_PATHS = NO;
				CLANG_ANALYZER_NONNULL = YES;
				CLANG_ANALYZER_NUMBER_OBJECT_CONVERSION = YES_AGGRESSIVE;
				CLANG_CXX_LANGUAGE_STANDARD = "gnu++14";
				CLANG_CXX_LIBRARY = "libc++";
				CLANG_ENABLE_MODULES = YES;
				CLANG_ENABLE_OBJC_ARC = YES;
				CLANG_ENABLE_OBJC_WEAK = YES;
				CLANG_WARN_BLOCK_CAPTURE_AUTORELEASING = YES;
				CLANG_WARN_BOOL_CONVERSION = YES;
				CLANG_WARN_COMMA = YES;
				CLANG_WARN_CONSTANT_CONVERSION = YES;
				CLANG_WARN_DEPRECATED_OBJC_IMPLEMENTATIONS = YES;
				CLANG_WARN_DIRECT_OBJC_ISA_USAGE = YES_ERROR;
				CLANG_WARN_DOCUMENTATION_COMMENTS = YES;
				CLANG_WARN_EMPTY_BODY = YES;
				CLANG_WARN_ENUM_CONVERSION = YES;
				CLANG_WARN_INFINITE_RECURSION = YES;
				CLANG_WARN_INT_CONVERSION = YES;
				CLANG_WARN_NON_LITERAL_NULL_CONVERSION = YES;
				CLANG_WARN_OBJC_IMPLICIT_RETAIN_SELF = YES;
				CLANG_WARN_OBJC_LITERAL_CONVERSION = YES;
				CLANG_WARN_OBJC_ROOT_CLASS = YES_ERROR;
				CLANG_WARN_RANGE_LOOP_ANALYSIS = YES;
				CLANG_WARN_STRICT_PROTOTYPES = YES;
				CLANG_WARN_SUSPICIOUS_MOVE = YES;
				CLANG_WARN_UNGUARDED_AVAILABILITY = YES_AGGRESSIVE;
				CLANG_WARN_UNREACHABLE_CODE = YES;
				CLANG_WARN__DUPLICATE_METHOD_MATCH = YES;
				CODE_SIGN_IDENTITY = "iPhone Developer";
				COPY_PHASE_STRIP = NO;
				DEBUG_INFORMATION_FORMAT = "dwarf-with-dsym";
				ENABLE_NS_ASSERTIONS = NO;
				ENABLE_STRICT_OBJC_MSGSEND = YES;
				GCC_C_LANGUAGE_STANDARD = gnu11;
				GCC_NO_COMMON_BLOCKS = YES;
				GCC_WARN_64_TO_32_BIT_CONVERSION = YES;
				GCC_WARN_ABOUT_RETURN_TYPE = YES_ERROR;
				GCC_WARN_UNDECLARED_SELECTOR = YES;
				GCC_WARN_UNINITIALIZED_AUTOS = YES_AGGRESSIVE;
				GCC_WARN_UNUSED_FUNCTION = YES;
				GCC_WARN_UNUSED_VARIABLE = YES;
				IPHONEOS_DEPLOYMENT_TARGET = 10.0;
				MTL_ENABLE_DEBUG_INFO = NO;
				MTL_FAST_MATH = YES;
				SDKROOT = iphoneos;
				VALIDATE_PRODUCT = YES;
			};
			name = Release;
		};
		9B2C930722BAC4EB00AA4E6D /* Debug */ = {
			isa = XCBuildConfiguration;
			buildSettings = {
				CODE_SIGN_STYLE = Automatic;
				DEVELOPMENT_TEAM = PY8EC8QU23;
				OTHER_LDFLAGS = "-ObjC";
				PRODUCT_NAME = "$(TARGET_NAME)";
				SKIP_INSTALL = YES;
				TARGETED_DEVICE_FAMILY = "1,2";
			};
			name = Debug;
		};
		9B2C930822BAC4EB00AA4E6D /* Release */ = {
			isa = XCBuildConfiguration;
			buildSettings = {
				CODE_SIGN_STYLE = Automatic;
				DEVELOPMENT_TEAM = PY8EC8QU23;
				OTHER_LDFLAGS = "-ObjC";
				PRODUCT_NAME = "$(TARGET_NAME)";
				SKIP_INSTALL = YES;
				TARGETED_DEVICE_FAMILY = "1,2";
			};
			name = Release;
		};
/* End XCBuildConfiguration section */

/* Begin XCConfigurationList section */
		9B2C92F822BAC4EB00AA4E6D /* Build configuration list for PBXProject "HCHollyOC" */ = {
			isa = XCConfigurationList;
			buildConfigurations = (
				9B2C930422BAC4EB00AA4E6D /* Debug */,
				9B2C930522BAC4EB00AA4E6D /* Release */,
			);
			defaultConfigurationIsVisible = 0;
			defaultConfigurationName = Release;
		};
		9B2C930622BAC4EB00AA4E6D /* Build configuration list for PBXNativeTarget "HCHollyOC" */ = {
			isa = XCConfigurationList;
			buildConfigurations = (
				9B2C930722BAC4EB00AA4E6D /* Debug */,
				9B2C930822BAC4EB00AA4E6D /* Release */,
			);
			defaultConfigurationIsVisible = 0;
			defaultConfigurationName = Release;
		};
/* End XCConfigurationList section */
	};
	rootObject = 9B2C92F522BAC4EB00AA4E6D /* Project object */;
}
